// !$*UTF8*$!
{
	archiveVersion = 1;
	classes = {
	};
	objectVersion = 52;
	objects = {

/* Begin PBXBuildFile section */
		7188E6292687B0FE007CFD78 /* BroadcastApp.swift in Sources */ = {isa = PBXBuildFile; fileRef = 7188E6282687B0FE007CFD78 /* BroadcastApp.swift */; };
		7188E62B2687B0FE007CFD78 /* ContentView.swift in Sources */ = {isa = PBXBuildFile; fileRef = 7188E62A2687B0FE007CFD78 /* ContentView.swift */; };
		7188E62D2687B0FF007CFD78 /* Assets.xcassets in Resources */ = {isa = PBXBuildFile; fileRef = 7188E62C2687B0FF007CFD78 /* Assets.xcassets */; };
		7188E6302687B0FF007CFD78 /* Preview Assets.xcassets in Resources */ = {isa = PBXBuildFile; fileRef = 7188E62F2687B0FF007CFD78 /* Preview Assets.xcassets */; };
		7188E63B2687B19D007CFD78 /* Notification.extension.swift in Sources */ = {isa = PBXBuildFile; fileRef = 7188E63A2687B19D007CFD78 /* Notification.extension.swift */; };
		7188E63D2687B2BC007CFD78 /* TwitterAPI.swift in Sources */ = {isa = PBXBuildFile; fileRef = 7188E63C2687B2BC007CFD78 /* TwitterAPI.swift */; };
		7188E63F2687B41E007CFD78 /* URLRFC3986Support.swift in Sources */ = {isa = PBXBuildFile; fileRef = 7188E63E2687B41E007CFD78 /* URLRFC3986Support.swift */; };
		7188E6422687B444007CFD78 /* ParameterStringParser.swift in Sources */ = {isa = PBXBuildFile; fileRef = 7188E6412687B444007CFD78 /* ParameterStringParser.swift */; };
		7188E6442687B488007CFD78 /* HMACSHA1Hash.swift in Sources */ = {isa = PBXBuildFile; fileRef = 7188E6432687B488007CFD78 /* HMACSHA1Hash.swift */; };
		7188E6472687B6C2007CFD78 /* SafariView.swift in Sources */ = {isa = PBXBuildFile; fileRef = 7188E6462687B6C2007CFD78 /* SafariView.swift */; };
		7188E6492687C0E0007CFD78 /* BroadcastButtonStyle.swift in Sources */ = {isa = PBXBuildFile; fileRef = 7188E6482687C0E0007CFD78 /* BroadcastButtonStyle.swift */; };
		7188E64B2687C44D007CFD78 /* String.extension.swift in Sources */ = {isa = PBXBuildFile; fileRef = 7188E64A2687C44D007CFD78 /* String.extension.swift */; };
		7188E64D2687C6A1007CFD78 /* Binding.extension.swift in Sources */ = {isa = PBXBuildFile; fileRef = 7188E64C2687C6A1007CFD78 /* Binding.extension.swift */; };
		7188E64F2687CCD0007CFD78 /* PhotoPicker.swift in Sources */ = {isa = PBXBuildFile; fileRef = 7188E64E2687CCD0007CFD78 /* PhotoPicker.swift */; };
		7188E6532687D16C007CFD78 /* ThumbnailFilmstrip.swift in Sources */ = {isa = PBXBuildFile; fileRef = 7188E6522687D16C007CFD78 /* ThumbnailFilmstrip.swift */; };
		7188E6562687DDED007CFD78 /* Swifter in Frameworks */ = {isa = PBXBuildFile; productRef = 7188E6552687DDED007CFD78 /* Swifter */; };
/* End PBXBuildFile section */

/* Begin PBXFileReference section */
		7188E6252687B0FE007CFD78 /* Broadcast.app */ = {isa = PBXFileReference; explicitFileType = wrapper.application; includeInIndex = 0; path = Broadcast.app; sourceTree = BUILT_PRODUCTS_DIR; };
		7188E6282687B0FE007CFD78 /* BroadcastApp.swift */ = {isa = PBXFileReference; lastKnownFileType = sourcecode.swift; path = BroadcastApp.swift; sourceTree = "<group>"; };
		7188E62A2687B0FE007CFD78 /* ContentView.swift */ = {isa = PBXFileReference; lastKnownFileType = sourcecode.swift; path = ContentView.swift; sourceTree = "<group>"; };
		7188E62C2687B0FF007CFD78 /* Assets.xcassets */ = {isa = PBXFileReference; lastKnownFileType = folder.assetcatalog; path = Assets.xcassets; sourceTree = "<group>"; };
		7188E62F2687B0FF007CFD78 /* Preview Assets.xcassets */ = {isa = PBXFileReference; lastKnownFileType = folder.assetcatalog; path = "Preview Assets.xcassets"; sourceTree = "<group>"; };
		7188E6312687B0FF007CFD78 /* Info.plist */ = {isa = PBXFileReference; lastKnownFileType = text.plist.xml; path = Info.plist; sourceTree = "<group>"; };
		7188E63A2687B19D007CFD78 /* Notification.extension.swift */ = {isa = PBXFileReference; lastKnownFileType = sourcecode.swift; path = Notification.extension.swift; sourceTree = "<group>"; };
		7188E63C2687B2BC007CFD78 /* TwitterAPI.swift */ = {isa = PBXFileReference; lastKnownFileType = sourcecode.swift; path = TwitterAPI.swift; sourceTree = "<group>"; };
		7188E63E2687B41E007CFD78 /* URLRFC3986Support.swift */ = {isa = PBXFileReference; lastKnownFileType = sourcecode.swift; path = URLRFC3986Support.swift; sourceTree = "<group>"; };
		7188E6412687B444007CFD78 /* ParameterStringParser.swift */ = {isa = PBXFileReference; lastKnownFileType = sourcecode.swift; path = ParameterStringParser.swift; sourceTree = "<group>"; };
		7188E6432687B488007CFD78 /* HMACSHA1Hash.swift */ = {isa = PBXFileReference; lastKnownFileType = sourcecode.swift; path = HMACSHA1Hash.swift; sourceTree = "<group>"; };
		7188E6462687B6C2007CFD78 /* SafariView.swift */ = {isa = PBXFileReference; lastKnownFileType = sourcecode.swift; path = SafariView.swift; sourceTree = "<group>"; };
		7188E6482687C0E0007CFD78 /* BroadcastButtonStyle.swift */ = {isa = PBXFileReference; lastKnownFileType = sourcecode.swift; path = BroadcastButtonStyle.swift; sourceTree = "<group>"; };
		7188E64A2687C44D007CFD78 /* String.extension.swift */ = {isa = PBXFileReference; lastKnownFileType = sourcecode.swift; path = String.extension.swift; sourceTree = "<group>"; };
		7188E64C2687C6A1007CFD78 /* Binding.extension.swift */ = {isa = PBXFileReference; lastKnownFileType = sourcecode.swift; path = Binding.extension.swift; sourceTree = "<group>"; };
		7188E64E2687CCD0007CFD78 /* PhotoPicker.swift */ = {isa = PBXFileReference; lastKnownFileType = sourcecode.swift; path = PhotoPicker.swift; sourceTree = "<group>"; };
		7188E6522687D16C007CFD78 /* ThumbnailFilmstrip.swift */ = {isa = PBXFileReference; lastKnownFileType = sourcecode.swift; path = ThumbnailFilmstrip.swift; sourceTree = "<group>"; };
/* End PBXFileReference section */

/* Begin PBXFrameworksBuildPhase section */
		7188E6222687B0FE007CFD78 /* Frameworks */ = {
			isa = PBXFrameworksBuildPhase;
			buildActionMask = 2147483647;
			files = (
				7188E6562687DDED007CFD78 /* Swifter in Frameworks */,
			);
			runOnlyForDeploymentPostprocessing = 0;
		};
/* End PBXFrameworksBuildPhase section */

/* Begin PBXGroup section */
		7188E61C2687B0FE007CFD78 = {
			isa = PBXGroup;
			children = (
				7188E6272687B0FE007CFD78 /* Broadcast */,
				7188E6262687B0FE007CFD78 /* Products */,
			);
			sourceTree = "<group>";
		};
		7188E6262687B0FE007CFD78 /* Products */ = {
			isa = PBXGroup;
			children = (
				7188E6252687B0FE007CFD78 /* Broadcast.app */,
			);
			name = Products;
			sourceTree = "<group>";
		};
		7188E6272687B0FE007CFD78 /* Broadcast */ = {
			isa = PBXGroup;
			children = (
				7188E6452687B6AF007CFD78 /* Helper Views */,
				7188E6402687B431007CFD78 /* Helpers */,
				7188E6392687B192007CFD78 /* Extensions */,
				7188E6282687B0FE007CFD78 /* BroadcastApp.swift */,
				7188E62A2687B0FE007CFD78 /* ContentView.swift */,
				7188E62C2687B0FF007CFD78 /* Assets.xcassets */,
				7188E6312687B0FF007CFD78 /* Info.plist */,
				7188E62E2687B0FF007CFD78 /* Preview Content */,
				7188E63C2687B2BC007CFD78 /* TwitterAPI.swift */,
			);
			path = Broadcast;
			sourceTree = "<group>";
		};
		7188E62E2687B0FF007CFD78 /* Preview Content */ = {
			isa = PBXGroup;
			children = (
				7188E62F2687B0FF007CFD78 /* Preview Assets.xcassets */,
			);
			path = "Preview Content";
			sourceTree = "<group>";
		};
		7188E6392687B192007CFD78 /* Extensions */ = {
			isa = PBXGroup;
			children = (
				7188E63A2687B19D007CFD78 /* Notification.extension.swift */,
				7188E64A2687C44D007CFD78 /* String.extension.swift */,
			);
			path = Extensions;
			sourceTree = "<group>";
		};
		7188E6402687B431007CFD78 /* Helpers */ = {
			isa = PBXGroup;
			children = (
				7188E63E2687B41E007CFD78 /* URLRFC3986Support.swift */,
				7188E6412687B444007CFD78 /* ParameterStringParser.swift */,
				7188E6432687B488007CFD78 /* HMACSHA1Hash.swift */,
				7188E64C2687C6A1007CFD78 /* Binding.extension.swift */,
			);
			path = Helpers;
			sourceTree = "<group>";
		};
		7188E6452687B6AF007CFD78 /* Helper Views */ = {
			isa = PBXGroup;
			children = (
				7188E6462687B6C2007CFD78 /* SafariView.swift */,
				7188E6482687C0E0007CFD78 /* BroadcastButtonStyle.swift */,
				7188E64E2687CCD0007CFD78 /* PhotoPicker.swift */,
				7188E6522687D16C007CFD78 /* ThumbnailFilmstrip.swift */,
			);
			path = "Helper Views";
			sourceTree = "<group>";
		};
/* End PBXGroup section */

/* Begin PBXNativeTarget section */
		7188E6242687B0FE007CFD78 /* Broadcast */ = {
			isa = PBXNativeTarget;
			buildConfigurationList = 7188E6342687B0FF007CFD78 /* Build configuration list for PBXNativeTarget "Broadcast" */;
			buildPhases = (
				7188E6212687B0FE007CFD78 /* Sources */,
				7188E6222687B0FE007CFD78 /* Frameworks */,
				7188E6232687B0FE007CFD78 /* Resources */,
			);
			buildRules = (
			);
			dependencies = (
			);
			name = Broadcast;
			packageProductDependencies = (
				7188E6552687DDED007CFD78 /* Swifter */,
			);
			productName = Broadcast;
			productReference = 7188E6252687B0FE007CFD78 /* Broadcast.app */;
			productType = "com.apple.product-type.application";
		};
/* End PBXNativeTarget section */

/* Begin PBXProject section */
		7188E61D2687B0FE007CFD78 /* Project object */ = {
			isa = PBXProject;
			attributes = {
				LastSwiftUpdateCheck = 1250;
				LastUpgradeCheck = 1250;
				TargetAttributes = {
					7188E6242687B0FE007CFD78 = {
						CreatedOnToolsVersion = 12.5.1;
					};
				};
			};
			buildConfigurationList = 7188E6202687B0FE007CFD78 /* Build configuration list for PBXProject "Broadcast" */;
			compatibilityVersion = "Xcode 9.3";
			developmentRegion = en;
			hasScannedForEncodings = 0;
			knownRegions = (
				en,
				Base,
			);
			mainGroup = 7188E61C2687B0FE007CFD78;
			packageReferences = (
				7188E6542687DDED007CFD78 /* XCRemoteSwiftPackageReference "Swifter" */,
			);
			productRefGroup = 7188E6262687B0FE007CFD78 /* Products */;
			projectDirPath = "";
			projectRoot = "";
			targets = (
				7188E6242687B0FE007CFD78 /* Broadcast */,
			);
		};
/* End PBXProject section */

/* Begin PBXResourcesBuildPhase section */
		7188E6232687B0FE007CFD78 /* Resources */ = {
			isa = PBXResourcesBuildPhase;
			buildActionMask = 2147483647;
			files = (
				7188E6302687B0FF007CFD78 /* Preview Assets.xcassets in Resources */,
				7188E62D2687B0FF007CFD78 /* Assets.xcassets in Resources */,
			);
			runOnlyForDeploymentPostprocessing = 0;
		};
/* End PBXResourcesBuildPhase section */

/* Begin PBXSourcesBuildPhase section */
		7188E6212687B0FE007CFD78 /* Sources */ = {
			isa = PBXSourcesBuildPhase;
			buildActionMask = 2147483647;
			files = (
				7188E6442687B488007CFD78 /* HMACSHA1Hash.swift in Sources */,
				7188E62B2687B0FE007CFD78 /* ContentView.swift in Sources */,
				7188E63B2687B19D007CFD78 /* Notification.extension.swift in Sources */,
				7188E6292687B0FE007CFD78 /* BroadcastApp.swift in Sources */,
				7188E6472687B6C2007CFD78 /* SafariView.swift in Sources */,
				7188E6492687C0E0007CFD78 /* BroadcastButtonStyle.swift in Sources */,
				7188E63F2687B41E007CFD78 /* URLRFC3986Support.swift in Sources */,
				7188E63D2687B2BC007CFD78 /* TwitterAPI.swift in Sources */,
				7188E64F2687CCD0007CFD78 /* PhotoPicker.swift in Sources */,
				7188E6422687B444007CFD78 /* ParameterStringParser.swift in Sources */,
				7188E6532687D16C007CFD78 /* ThumbnailFilmstrip.swift in Sources */,
				7188E64B2687C44D007CFD78 /* String.extension.swift in Sources */,
				7188E64D2687C6A1007CFD78 /* Binding.extension.swift in Sources */,
			);
			runOnlyForDeploymentPostprocessing = 0;
		};
/* End PBXSourcesBuildPhase section */

/* Begin XCBuildConfiguration section */
		7188E6322687B0FF007CFD78 /* Debug */ = {
			isa = XCBuildConfiguration;
			buildSettings = {
				ALWAYS_SEARCH_USER_PATHS = NO;
				CLANG_ANALYZER_NONNULL = YES;
				CLANG_ANALYZER_NUMBER_OBJECT_CONVERSION = YES_AGGRESSIVE;
				CLANG_CXX_LANGUAGE_STANDARD = "gnu++14";
				CLANG_CXX_LIBRARY = "libc++";
				CLANG_ENABLE_MODULES = YES;
				CLANG_ENABLE_OBJC_ARC = YES;
				CLANG_ENABLE_OBJC_WEAK = YES;
				CLANG_WARN_BLOCK_CAPTURE_AUTORELEASING = YES;
				CLANG_WARN_BOOL_CONVERSION = YES;
				CLANG_WARN_COMMA = YES;
				CLANG_WARN_CONSTANT_CONVERSION = YES;
				CLANG_WARN_DEPRECATED_OBJC_IMPLEMENTATIONS = YES;
				CLANG_WARN_DIRECT_OBJC_ISA_USAGE = YES_ERROR;
				CLANG_WARN_DOCUMENTATION_COMMENTS = YES;
				CLANG_WARN_EMPTY_BODY = YES;
				CLANG_WARN_ENUM_CONVERSION = YES;
				CLANG_WARN_INFINITE_RECURSION = YES;
				CLANG_WARN_INT_CONVERSION = YES;
				CLANG_WARN_NON_LITERAL_NULL_CONVERSION = YES;
				CLANG_WARN_OBJC_IMPLICIT_RETAIN_SELF = YES;
				CLANG_WARN_OBJC_LITERAL_CONVERSION = YES;
				CLANG_WARN_OBJC_ROOT_CLASS = YES_ERROR;
				CLANG_WARN_QUOTED_INCLUDE_IN_FRAMEWORK_HEADER = YES;
				CLANG_WARN_RANGE_LOOP_ANALYSIS = YES;
				CLANG_WARN_STRICT_PROTOTYPES = YES;
				CLANG_WARN_SUSPICIOUS_MOVE = YES;
				CLANG_WARN_UNGUARDED_AVAILABILITY = YES_AGGRESSIVE;
				CLANG_WARN_UNREACHABLE_CODE = YES;
				CLANG_WARN__DUPLICATE_METHOD_MATCH = YES;
				COPY_PHASE_STRIP = NO;
				DEBUG_INFORMATION_FORMAT = dwarf;
				ENABLE_STRICT_OBJC_MSGSEND = YES;
				ENABLE_TESTABILITY = YES;
				GCC_C_LANGUAGE_STANDARD = gnu11;
				GCC_DYNAMIC_NO_PIC = NO;
				GCC_NO_COMMON_BLOCKS = YES;
				GCC_OPTIMIZATION_LEVEL = 0;
				GCC_PREPROCESSOR_DEFINITIONS = (
					"DEBUG=1",
					"$(inherited)",
				);
				GCC_WARN_64_TO_32_BIT_CONVERSION = YES;
				GCC_WARN_ABOUT_RETURN_TYPE = YES_ERROR;
				GCC_WARN_UNDECLARED_SELECTOR = YES;
				GCC_WARN_UNINITIALIZED_AUTOS = YES_AGGRESSIVE;
				GCC_WARN_UNUSED_FUNCTION = YES;
				GCC_WARN_UNUSED_VARIABLE = YES;
				IPHONEOS_DEPLOYMENT_TARGET = 14.5;
				MTL_ENABLE_DEBUG_INFO = INCLUDE_SOURCE;
				MTL_FAST_MATH = YES;
				ONLY_ACTIVE_ARCH = YES;
				SDKROOT = iphoneos;
				SWIFT_ACTIVE_COMPILATION_CONDITIONS = DEBUG;
				SWIFT_OPTIMIZATION_LEVEL = "-Onone";
			};
			name = Debug;
		};
		7188E6332687B0FF007CFD78 /* Release */ = {
			isa = XCBuildConfiguration;
			buildSettings = {
				ALWAYS_SEARCH_USER_PATHS = NO;
				CLANG_ANALYZER_NONNULL = YES;
				CLANG_ANALYZER_NUMBER_OBJECT_CONVERSION = YES_AGGRESSIVE;
				CLANG_CXX_LANGUAGE_STANDARD = "gnu++14";
				CLANG_CXX_LIBRARY = "libc++";
				CLANG_ENABLE_MODULES = YES;
				CLANG_ENABLE_OBJC_ARC = YES;
				CLANG_ENABLE_OBJC_WEAK = YES;
				CLANG_WARN_BLOCK_CAPTURE_AUTORELEASING = YES;
				CLANG_WARN_BOOL_CONVERSION = YES;
				CLANG_WARN_COMMA = YES;
				CLANG_WARN_CONSTANT_CONVERSION = YES;
				CLANG_WARN_DEPRECATED_OBJC_IMPLEMENTATIONS = YES;
				CLANG_WARN_DIRECT_OBJC_ISA_USAGE = YES_ERROR;
				CLANG_WARN_DOCUMENTATION_COMMENTS = YES;
				CLANG_WARN_EMPTY_BODY = YES;
				CLANG_WARN_ENUM_CONVERSION = YES;
				CLANG_WARN_INFINITE_RECURSION = YES;
				CLANG_WARN_INT_CONVERSION = YES;
				CLANG_WARN_NON_LITERAL_NULL_CONVERSION = YES;
				CLANG_WARN_OBJC_IMPLICIT_RETAIN_SELF = YES;
				CLANG_WARN_OBJC_LITERAL_CONVERSION = YES;
				CLANG_WARN_OBJC_ROOT_CLASS = YES_ERROR;
				CLANG_WARN_QUOTED_INCLUDE_IN_FRAMEWORK_HEADER = YES;
				CLANG_WARN_RANGE_LOOP_ANALYSIS = YES;
				CLANG_WARN_STRICT_PROTOTYPES = YES;
				CLANG_WARN_SUSPICIOUS_MOVE = YES;
				CLANG_WARN_UNGUARDED_AVAILABILITY = YES_AGGRESSIVE;
				CLANG_WARN_UNREACHABLE_CODE = YES;
				CLANG_WARN__DUPLICATE_METHOD_MATCH = YES;
				COPY_PHASE_STRIP = NO;
				DEBUG_INFORMATION_FORMAT = "dwarf-with-dsym";
				ENABLE_NS_ASSERTIONS = NO;
				ENABLE_STRICT_OBJC_MSGSEND = YES;
				GCC_C_LANGUAGE_STANDARD = gnu11;
				GCC_NO_COMMON_BLOCKS = YES;
				GCC_WARN_64_TO_32_BIT_CONVERSION = YES;
				GCC_WARN_ABOUT_RETURN_TYPE = YES_ERROR;
				GCC_WARN_UNDECLARED_SELECTOR = YES;
				GCC_WARN_UNINITIALIZED_AUTOS = YES_AGGRESSIVE;
				GCC_WARN_UNUSED_FUNCTION = YES;
				GCC_WARN_UNUSED_VARIABLE = YES;
				IPHONEOS_DEPLOYMENT_TARGET = 14.5;
				MTL_ENABLE_DEBUG_INFO = NO;
				MTL_FAST_MATH = YES;
				SDKROOT = iphoneos;
				SWIFT_COMPILATION_MODE = wholemodule;
				SWIFT_OPTIMIZATION_LEVEL = "-O";
				VALIDATE_PRODUCT = YES;
			};
			name = Release;
		};
		7188E6352687B0FF007CFD78 /* Debug */ = {
			isa = XCBuildConfiguration;
			buildSettings = {
				ASSETCATALOG_COMPILER_APPICON_NAME = AppIcon;
				ASSETCATALOG_COMPILER_GLOBAL_ACCENT_COLOR_NAME = AccentColor;
				CODE_SIGN_STYLE = Automatic;
				DEVELOPMENT_ASSET_PATHS = "\"Broadcast/Preview Content\"";
				DEVELOPMENT_TEAM = YC249PY26F;
				ENABLE_PREVIEWS = YES;
				INFOPLIST_FILE = Broadcast/Info.plist;
				IPHONEOS_DEPLOYMENT_TARGET = 14.0;
				LD_RUNPATH_SEARCH_PATHS = (
					"$(inherited)",
					"@executable_path/Frameworks",
				);
				PRODUCT_BUNDLE_IDENTIFIER = me.daneden.Broadcast;
				PRODUCT_NAME = "$(TARGET_NAME)";
				SWIFT_VERSION = 5.0;
				TARGETED_DEVICE_FAMILY = "1,2";
			};
			name = Debug;
		};
		7188E6362687B0FF007CFD78 /* Release */ = {
			isa = XCBuildConfiguration;
			buildSettings = {
				ASSETCATALOG_COMPILER_APPICON_NAME = AppIcon;
				ASSETCATALOG_COMPILER_GLOBAL_ACCENT_COLOR_NAME = AccentColor;
				CODE_SIGN_STYLE = Automatic;
				DEVELOPMENT_ASSET_PATHS = "\"Broadcast/Preview Content\"";
				DEVELOPMENT_TEAM = YC249PY26F;
				ENABLE_PREVIEWS = YES;
				INFOPLIST_FILE = Broadcast/Info.plist;
				IPHONEOS_DEPLOYMENT_TARGET = 14.0;
				LD_RUNPATH_SEARCH_PATHS = (
					"$(inherited)",
					"@executable_path/Frameworks",
				);
				PRODUCT_BUNDLE_IDENTIFIER = me.daneden.Broadcast;
				PRODUCT_NAME = "$(TARGET_NAME)";
				SWIFT_VERSION = 5.0;
				TARGETED_DEVICE_FAMILY = "1,2";
			};
			name = Release;
		};
/* End XCBuildConfiguration section */

/* Begin XCConfigurationList section */
		7188E6202687B0FE007CFD78 /* Build configuration list for PBXProject "Broadcast" */ = {
			isa = XCConfigurationList;
			buildConfigurations = (
				7188E6322687B0FF007CFD78 /* Debug */,
				7188E6332687B0FF007CFD78 /* Release */,
			);
			defaultConfigurationIsVisible = 0;
			defaultConfigurationName = Release;
		};
		7188E6342687B0FF007CFD78 /* Build configuration list for PBXNativeTarget "Broadcast" */ = {
			isa = XCConfigurationList;
			buildConfigurations = (
				7188E6352687B0FF007CFD78 /* Debug */,
				7188E6362687B0FF007CFD78 /* Release */,
			);
			defaultConfigurationIsVisible = 0;
			defaultConfigurationName = Release;
		};
/* End XCConfigurationList section */

/* Begin XCRemoteSwiftPackageReference section */
		7188E6542687DDED007CFD78 /* XCRemoteSwiftPackageReference "Swifter" */ = {
			isa = XCRemoteSwiftPackageReference;
			repositoryURL = "https://github.com/mattdonnelly/Swifter";
			requirement = {
				kind = upToNextMajorVersion;
				minimumVersion = 2.5.0;
			};
		};
/* End XCRemoteSwiftPackageReference section */

/* Begin XCSwiftPackageProductDependency section */
		7188E6552687DDED007CFD78 /* Swifter */ = {
			isa = XCSwiftPackageProductDependency;
			package = 7188E6542687DDED007CFD78 /* XCRemoteSwiftPackageReference "Swifter" */;
			productName = Swifter;
		};
/* End XCSwiftPackageProductDependency section */
	};
	rootObject = 7188E61D2687B0FE007CFD78 /* Project object */;
}
