// !$*UTF8*$!
{
	archiveVersion = 1;
	classes = {
	};
	objectVersion = 52;
	objects = {

/* Begin PBXBuildFile section */
		7101073626C810AC00A713A5 /* NullStateView.swift in Sources */ = {isa = PBXBuildFile; fileRef = 7101073526C810AC00A713A5 /* NullStateView.swift */; };
		711EF99426C959A700FD8A9F /* BroadcastUITests.swift in Sources */ = {isa = PBXBuildFile; fileRef = 711EF99326C959A700FD8A9F /* BroadcastUITests.swift */; };
		711F3FFA268F50C800605C89 /* Animation.extension.swift in Sources */ = {isa = PBXBuildFile; fileRef = 711F3FF9268F50C800605C89 /* Animation.extension.swift */; };
		713E16EA27A6EAA900314B44 /* UserAvatar.swift in Sources */ = {isa = PBXBuildFile; fileRef = 713E16E927A6EAA900314B44 /* UserAvatar.swift */; };
		714782D5278D97AB00942618 /* Twift in Frameworks */ = {isa = PBXBuildFile; productRef = 714782D4278D97AB00942618 /* Twift */; };
		715AAE0C26C9589A002BCEA1 /* TestUtils.swift in Sources */ = {isa = PBXBuildFile; fileRef = 715AAE0B26C9589A002BCEA1 /* TestUtils.swift */; };
		717041F326B6FFEA00001360 /* RepliesListView.swift in Sources */ = {isa = PBXBuildFile; fileRef = 717041F226B6FFEA00001360 /* RepliesListView.swift */; };
		717041F526B7037300001360 /* TweetView.swift in Sources */ = {isa = PBXBuildFile; fileRef = 717041F426B7037300001360 /* TweetView.swift */; };
		717041F726B703A600001360 /* TwitterClient+MockTweet.swift in Sources */ = {isa = PBXBuildFile; fileRef = 717041F626B703A600001360 /* TwitterClient+MockTweet.swift */; };
		71800BF026905DB3009D11A1 /* EngagementCountersView.swift in Sources */ = {isa = PBXBuildFile; fileRef = 71800BEF26905DB3009D11A1 /* EngagementCountersView.swift */; };
		71800BF226906721009D11A1 /* ActionBarView.swift in Sources */ = {isa = PBXBuildFile; fileRef = 71800BF126906721009D11A1 /* ActionBarView.swift */; };
		71800BF426906BC0009D11A1 /* DraftsListView.swift in Sources */ = {isa = PBXBuildFile; fileRef = 71800BF326906BC0009D11A1 /* DraftsListView.swift */; };
		71800BFD26999B1B009D11A1 /* DraftsModel.xcdatamodeld in Sources */ = {isa = PBXBuildFile; fileRef = 71800BFB26999B1B009D11A1 /* DraftsModel.xcdatamodeld */; };
		71800BFF26999BA6009D11A1 /* PersistanceController.swift in Sources */ = {isa = PBXBuildFile; fileRef = 71800BFE26999BA6009D11A1 /* PersistanceController.swift */; };
		7188E6292687B0FE007CFD78 /* BroadcastApp.swift in Sources */ = {isa = PBXBuildFile; fileRef = 7188E6282687B0FE007CFD78 /* BroadcastApp.swift */; };
		7188E62B2687B0FE007CFD78 /* ContentView.swift in Sources */ = {isa = PBXBuildFile; fileRef = 7188E62A2687B0FE007CFD78 /* ContentView.swift */; };
		7188E62D2687B0FF007CFD78 /* Assets.xcassets in Resources */ = {isa = PBXBuildFile; fileRef = 7188E62C2687B0FF007CFD78 /* Assets.xcassets */; };
		7188E6302687B0FF007CFD78 /* Preview Assets.xcassets in Resources */ = {isa = PBXBuildFile; fileRef = 7188E62F2687B0FF007CFD78 /* Preview Assets.xcassets */; };
		7188E6492687C0E0007CFD78 /* BroadcastButtonStyle.swift in Sources */ = {isa = PBXBuildFile; fileRef = 7188E6482687C0E0007CFD78 /* BroadcastButtonStyle.swift */; };
		7188E64B2687C44D007CFD78 /* String.extension.swift in Sources */ = {isa = PBXBuildFile; fileRef = 7188E64A2687C44D007CFD78 /* String.extension.swift */; };
		7188E64D2687C6A1007CFD78 /* Binding.extension.swift in Sources */ = {isa = PBXBuildFile; fileRef = 7188E64C2687C6A1007CFD78 /* Binding.extension.swift */; };
		7188E64F2687CCD0007CFD78 /* PhotoPicker.swift in Sources */ = {isa = PBXBuildFile; fileRef = 7188E64E2687CCD0007CFD78 /* PhotoPicker.swift */; };
		7188E6532687D16C007CFD78 /* AttachmentThumbnail.swift in Sources */ = {isa = PBXBuildFile; fileRef = 7188E6522687D16C007CFD78 /* AttachmentThumbnail.swift */; };
		7188E65D26887DCD007CFD78 /* SwiftKeychainWrapper in Frameworks */ = {isa = PBXBuildFile; productRef = 7188E65C26887DCD007CFD78 /* SwiftKeychainWrapper */; };
		7188E6612688A01F007CFD78 /* Font.extension.swift in Sources */ = {isa = PBXBuildFile; fileRef = 7188E6602688A01F007CFD78 /* Font.extension.swift */; };
		7188E6632688A0FC007CFD78 /* WelcomeView.swift in Sources */ = {isa = PBXBuildFile; fileRef = 7188E6622688A0FC007CFD78 /* WelcomeView.swift */; };
		7188E6652688A436007CFD78 /* ThemeHelper.swift in Sources */ = {isa = PBXBuildFile; fileRef = 7188E6642688A436007CFD78 /* ThemeHelper.swift */; };
		7188E66A2688D7BA007CFD78 /* Introspect in Frameworks */ = {isa = PBXBuildFile; productRef = 7188E6692688D7BA007CFD78 /* Introspect */; };
		7188E66C2688DB44007CFD78 /* UIApplication.extension.swift in Sources */ = {isa = PBXBuildFile; fileRef = 7188E66B2688DB44007CFD78 /* UIApplication.extension.swift */; };
		719087CD26891586005B96CE /* TwitterText in Frameworks */ = {isa = PBXBuildFile; productRef = 719087CC26891586005B96CE /* TwitterText */; };
		719087CF26891C7F005B96CE /* Array.extension.swift in Sources */ = {isa = PBXBuildFile; fileRef = 719087CE26891C7F005B96CE /* Array.extension.swift */; };
		7199AE7A26B96D0D001DEB46 /* NSRegularExpression+Convenience.swift in Sources */ = {isa = PBXBuildFile; fileRef = 7199AE7926B96D0D001DEB46 /* NSRegularExpression+Convenience.swift */; };
		7199AE7C26B97327001DEB46 /* UserView.swift in Sources */ = {isa = PBXBuildFile; fileRef = 7199AE7B26B97327001DEB46 /* UserView.swift */; };
		7199AE7E26B973B2001DEB46 /* MentionBar.swift in Sources */ = {isa = PBXBuildFile; fileRef = 7199AE7D26B973B2001DEB46 /* MentionBar.swift */; };
		7199AE8026B9892E001DEB46 /* Debouncer.swift in Sources */ = {isa = PBXBuildFile; fileRef = 7199AE7F26B9892E001DEB46 /* Debouncer.swift */; };
		71A1088A268B073B007E1FFB /* Haptics.swift in Sources */ = {isa = PBXBuildFile; fileRef = 71A10889268B073B007E1FFB /* Haptics.swift */; };
		71A6A264278C73AD00BF2387 /* TwitterAPI-Info.example.plist in Resources */ = {isa = PBXBuildFile; fileRef = 71A6A263278C73AD00BF2387 /* TwitterAPI-Info.example.plist */; };
		71A9157927A59C9000706024 /* AsyncLocalMediaPreview.swift in Sources */ = {isa = PBXBuildFile; fileRef = 71A9157827A59C9000706024 /* AsyncLocalMediaPreview.swift */; };
		71B8290C268D0AC6002AEE72 /* TwitterClientManager.swift in Sources */ = {isa = PBXBuildFile; fileRef = 71B8290B268D0AC6002AEE72 /* TwitterClientManager.swift */; };
		71B82910268F2195002AEE72 /* LastTweetReplyView.swift in Sources */ = {isa = PBXBuildFile; fileRef = 71B8290F268F2195002AEE72 /* LastTweetReplyView.swift */; };
		71BBAAE9268CF1BD004048A0 /* ComposerView.swift in Sources */ = {isa = PBXBuildFile; fileRef = 71BBAAE8268CF1BD004048A0 /* ComposerView.swift */; };
		71BBAAEB268CF532004048A0 /* TwitterAPI-Info.plist in Resources */ = {isa = PBXBuildFile; fileRef = 71BBAAEA268CF532004048A0 /* TwitterAPI-Info.plist */; };
		71D283F127A469EF00640B2A /* AttributeScopes+TwitterEntities.swift in Sources */ = {isa = PBXBuildFile; fileRef = 71D283F027A469EF00640B2A /* AttributeScopes+TwitterEntities.swift */; };
		71E36FFB2689EED40078D956 /* ShakeModifier.swift in Sources */ = {isa = PBXBuildFile; fileRef = 71E36FFA2689EED40078D956 /* ShakeModifier.swift */; };
/* End PBXBuildFile section */

/* Begin PBXContainerItemProxy section */
		711EF99626C959A700FD8A9F /* PBXContainerItemProxy */ = {
			isa = PBXContainerItemProxy;
			containerPortal = 7188E61D2687B0FE007CFD78 /* Project object */;
			proxyType = 1;
			remoteGlobalIDString = 7188E6242687B0FE007CFD78;
			remoteInfo = Broadcast;
		};
/* End PBXContainerItemProxy section */

/* Begin PBXFileReference section */
		7101073526C810AC00A713A5 /* NullStateView.swift */ = {isa = PBXFileReference; lastKnownFileType = sourcecode.swift; path = NullStateView.swift; sourceTree = "<group>"; };
		711EF99126C959A700FD8A9F /* BroadcastUITests.xctest */ = {isa = PBXFileReference; explicitFileType = wrapper.cfbundle; includeInIndex = 0; path = BroadcastUITests.xctest; sourceTree = BUILT_PRODUCTS_DIR; };
		711EF99326C959A700FD8A9F /* BroadcastUITests.swift */ = {isa = PBXFileReference; lastKnownFileType = sourcecode.swift; path = BroadcastUITests.swift; sourceTree = "<group>"; };
		711EF99526C959A700FD8A9F /* Info.plist */ = {isa = PBXFileReference; lastKnownFileType = text.plist.xml; path = Info.plist; sourceTree = "<group>"; };
		711F3FF9268F50C800605C89 /* Animation.extension.swift */ = {isa = PBXFileReference; lastKnownFileType = sourcecode.swift; path = Animation.extension.swift; sourceTree = "<group>"; };
		713E16E927A6EAA900314B44 /* UserAvatar.swift */ = {isa = PBXFileReference; lastKnownFileType = sourcecode.swift; path = UserAvatar.swift; sourceTree = "<group>"; };
		715AAE0B26C9589A002BCEA1 /* TestUtils.swift */ = {isa = PBXFileReference; lastKnownFileType = sourcecode.swift; path = TestUtils.swift; sourceTree = "<group>"; };
		717041F226B6FFEA00001360 /* RepliesListView.swift */ = {isa = PBXFileReference; lastKnownFileType = sourcecode.swift; path = RepliesListView.swift; sourceTree = "<group>"; };
		717041F426B7037300001360 /* TweetView.swift */ = {isa = PBXFileReference; lastKnownFileType = sourcecode.swift; path = TweetView.swift; sourceTree = "<group>"; };
		717041F626B703A600001360 /* TwitterClient+MockTweet.swift */ = {isa = PBXFileReference; lastKnownFileType = sourcecode.swift; path = "TwitterClient+MockTweet.swift"; sourceTree = "<group>"; };
		71800BEF26905DB3009D11A1 /* EngagementCountersView.swift */ = {isa = PBXFileReference; lastKnownFileType = sourcecode.swift; path = EngagementCountersView.swift; sourceTree = "<group>"; };
		71800BF126906721009D11A1 /* ActionBarView.swift */ = {isa = PBXFileReference; lastKnownFileType = sourcecode.swift; path = ActionBarView.swift; sourceTree = "<group>"; };
		71800BF326906BC0009D11A1 /* DraftsListView.swift */ = {isa = PBXFileReference; lastKnownFileType = sourcecode.swift; path = DraftsListView.swift; sourceTree = "<group>"; };
		71800BFC26999B1B009D11A1 /* DraftsModel.xcdatamodel */ = {isa = PBXFileReference; lastKnownFileType = wrapper.xcdatamodel; path = DraftsModel.xcdatamodel; sourceTree = "<group>"; };
		71800BFE26999BA6009D11A1 /* PersistanceController.swift */ = {isa = PBXFileReference; lastKnownFileType = sourcecode.swift; path = PersistanceController.swift; sourceTree = "<group>"; };
		7188E6252687B0FE007CFD78 /* Broadcast.app */ = {isa = PBXFileReference; explicitFileType = wrapper.application; includeInIndex = 0; path = Broadcast.app; sourceTree = BUILT_PRODUCTS_DIR; };
		7188E6282687B0FE007CFD78 /* BroadcastApp.swift */ = {isa = PBXFileReference; lastKnownFileType = sourcecode.swift; path = BroadcastApp.swift; sourceTree = "<group>"; };
		7188E62A2687B0FE007CFD78 /* ContentView.swift */ = {isa = PBXFileReference; lastKnownFileType = sourcecode.swift; path = ContentView.swift; sourceTree = "<group>"; };
		7188E62C2687B0FF007CFD78 /* Assets.xcassets */ = {isa = PBXFileReference; lastKnownFileType = folder.assetcatalog; path = Assets.xcassets; sourceTree = "<group>"; };
		7188E62F2687B0FF007CFD78 /* Preview Assets.xcassets */ = {isa = PBXFileReference; lastKnownFileType = folder.assetcatalog; path = "Preview Assets.xcassets"; sourceTree = "<group>"; };
		7188E6312687B0FF007CFD78 /* Info.plist */ = {isa = PBXFileReference; lastKnownFileType = text.plist.xml; path = Info.plist; sourceTree = "<group>"; };
		7188E6482687C0E0007CFD78 /* BroadcastButtonStyle.swift */ = {isa = PBXFileReference; lastKnownFileType = sourcecode.swift; path = BroadcastButtonStyle.swift; sourceTree = "<group>"; };
		7188E64A2687C44D007CFD78 /* String.extension.swift */ = {isa = PBXFileReference; lastKnownFileType = sourcecode.swift; path = String.extension.swift; sourceTree = "<group>"; };
		7188E64C2687C6A1007CFD78 /* Binding.extension.swift */ = {isa = PBXFileReference; lastKnownFileType = sourcecode.swift; path = Binding.extension.swift; sourceTree = "<group>"; };
		7188E64E2687CCD0007CFD78 /* PhotoPicker.swift */ = {isa = PBXFileReference; lastKnownFileType = sourcecode.swift; path = PhotoPicker.swift; sourceTree = "<group>"; };
		7188E6522687D16C007CFD78 /* AttachmentThumbnail.swift */ = {isa = PBXFileReference; lastKnownFileType = sourcecode.swift; path = AttachmentThumbnail.swift; sourceTree = "<group>"; };
		7188E6602688A01F007CFD78 /* Font.extension.swift */ = {isa = PBXFileReference; lastKnownFileType = sourcecode.swift; path = Font.extension.swift; sourceTree = "<group>"; };
		7188E6622688A0FC007CFD78 /* WelcomeView.swift */ = {isa = PBXFileReference; lastKnownFileType = sourcecode.swift; path = WelcomeView.swift; sourceTree = "<group>"; };
		7188E6642688A436007CFD78 /* ThemeHelper.swift */ = {isa = PBXFileReference; lastKnownFileType = sourcecode.swift; path = ThemeHelper.swift; sourceTree = "<group>"; };
		7188E66B2688DB44007CFD78 /* UIApplication.extension.swift */ = {isa = PBXFileReference; lastKnownFileType = sourcecode.swift; path = UIApplication.extension.swift; sourceTree = "<group>"; };
		719087CE26891C7F005B96CE /* Array.extension.swift */ = {isa = PBXFileReference; lastKnownFileType = sourcecode.swift; path = Array.extension.swift; sourceTree = "<group>"; };
		7199AE7926B96D0D001DEB46 /* NSRegularExpression+Convenience.swift */ = {isa = PBXFileReference; lastKnownFileType = sourcecode.swift; path = "NSRegularExpression+Convenience.swift"; sourceTree = "<group>"; };
		7199AE7B26B97327001DEB46 /* UserView.swift */ = {isa = PBXFileReference; lastKnownFileType = sourcecode.swift; path = UserView.swift; sourceTree = "<group>"; };
		7199AE7D26B973B2001DEB46 /* MentionBar.swift */ = {isa = PBXFileReference; lastKnownFileType = sourcecode.swift; path = MentionBar.swift; sourceTree = "<group>"; };
		7199AE7F26B9892E001DEB46 /* Debouncer.swift */ = {isa = PBXFileReference; lastKnownFileType = sourcecode.swift; path = Debouncer.swift; sourceTree = "<group>"; };
		71A10889268B073B007E1FFB /* Haptics.swift */ = {isa = PBXFileReference; lastKnownFileType = sourcecode.swift; path = Haptics.swift; sourceTree = "<group>"; };
		71A6A263278C73AD00BF2387 /* TwitterAPI-Info.example.plist */ = {isa = PBXFileReference; lastKnownFileType = text.plist.xml; path = "TwitterAPI-Info.example.plist"; sourceTree = "<group>"; };
		71A9157827A59C9000706024 /* AsyncLocalMediaPreview.swift */ = {isa = PBXFileReference; lastKnownFileType = sourcecode.swift; path = AsyncLocalMediaPreview.swift; sourceTree = "<group>"; };
		71B8290B268D0AC6002AEE72 /* TwitterClientManager.swift */ = {isa = PBXFileReference; lastKnownFileType = sourcecode.swift; path = TwitterClientManager.swift; sourceTree = "<group>"; };
		71B8290F268F2195002AEE72 /* LastTweetReplyView.swift */ = {isa = PBXFileReference; lastKnownFileType = sourcecode.swift; path = LastTweetReplyView.swift; sourceTree = "<group>"; };
		71BBAAE8268CF1BD004048A0 /* ComposerView.swift */ = {isa = PBXFileReference; lastKnownFileType = sourcecode.swift; path = ComposerView.swift; sourceTree = "<group>"; };
		71BBAAEA268CF532004048A0 /* TwitterAPI-Info.plist */ = {isa = PBXFileReference; lastKnownFileType = text.plist.xml; path = "TwitterAPI-Info.plist"; sourceTree = "<group>"; };
		71D283F027A469EF00640B2A /* AttributeScopes+TwitterEntities.swift */ = {isa = PBXFileReference; lastKnownFileType = sourcecode.swift; path = "AttributeScopes+TwitterEntities.swift"; sourceTree = "<group>"; };
		71E36FFA2689EED40078D956 /* ShakeModifier.swift */ = {isa = PBXFileReference; lastKnownFileType = sourcecode.swift; path = ShakeModifier.swift; sourceTree = "<group>"; };
/* End PBXFileReference section */

/* Begin PBXFrameworksBuildPhase section */
		711EF98E26C959A700FD8A9F /* Frameworks */ = {
			isa = PBXFrameworksBuildPhase;
			buildActionMask = 2147483647;
			files = (
			);
			runOnlyForDeploymentPostprocessing = 0;
		};
		7188E6222687B0FE007CFD78 /* Frameworks */ = {
			isa = PBXFrameworksBuildPhase;
			buildActionMask = 2147483647;
			files = (
				7188E65D26887DCD007CFD78 /* SwiftKeychainWrapper in Frameworks */,
				7188E66A2688D7BA007CFD78 /* Introspect in Frameworks */,
				719087CD26891586005B96CE /* TwitterText in Frameworks */,
				714782D5278D97AB00942618 /* Twift in Frameworks */,
			);
			runOnlyForDeploymentPostprocessing = 0;
		};
/* End PBXFrameworksBuildPhase section */

/* Begin PBXGroup section */
		711EF99226C959A700FD8A9F /* BroadcastUITests */ = {
			isa = PBXGroup;
			children = (
				711EF99326C959A700FD8A9F /* BroadcastUITests.swift */,
				711EF99526C959A700FD8A9F /* Info.plist */,
			);
			path = BroadcastUITests;
			sourceTree = "<group>";
		};
		7188E61C2687B0FE007CFD78 = {
			isa = PBXGroup;
			children = (
				7188E6272687B0FE007CFD78 /* Broadcast */,
				711EF99226C959A700FD8A9F /* BroadcastUITests */,
				7188E6262687B0FE007CFD78 /* Products */,
			);
			sourceTree = "<group>";
		};
		7188E6262687B0FE007CFD78 /* Products */ = {
			isa = PBXGroup;
			children = (
				7188E6252687B0FE007CFD78 /* Broadcast.app */,
				711EF99126C959A700FD8A9F /* BroadcastUITests.xctest */,
			);
			name = Products;
			sourceTree = "<group>";
		};
		7188E6272687B0FE007CFD78 /* Broadcast */ = {
			isa = PBXGroup;
			children = (
				7188E6312687B0FF007CFD78 /* Info.plist */,
				7188E6282687B0FE007CFD78 /* BroadcastApp.swift */,
				7188E62A2687B0FE007CFD78 /* ContentView.swift */,
				7188E6622688A0FC007CFD78 /* WelcomeView.swift */,
				7188E62C2687B0FF007CFD78 /* Assets.xcassets */,
				7188E6392687B192007CFD78 /* Extensions */,
				7188E6452687B6AF007CFD78 /* Helper Views */,
				7188E6402687B431007CFD78 /* Helpers */,
				7188E62E2687B0FF007CFD78 /* Preview Content */,
				71BBAAEA268CF532004048A0 /* TwitterAPI-Info.plist */,
				71A6A263278C73AD00BF2387 /* TwitterAPI-Info.example.plist */,
				71800BFB26999B1B009D11A1 /* DraftsModel.xcdatamodeld */,
			);
			path = Broadcast;
			sourceTree = "<group>";
		};
		7188E62E2687B0FF007CFD78 /* Preview Content */ = {
			isa = PBXGroup;
			children = (
				7188E62F2687B0FF007CFD78 /* Preview Assets.xcassets */,
			);
			path = "Preview Content";
			sourceTree = "<group>";
		};
		7188E6392687B192007CFD78 /* Extensions */ = {
			isa = PBXGroup;
			children = (
				711F3FF9268F50C800605C89 /* Animation.extension.swift */,
				719087CE26891C7F005B96CE /* Array.extension.swift */,
				7188E6602688A01F007CFD78 /* Font.extension.swift */,
				7188E64A2687C44D007CFD78 /* String.extension.swift */,
				7188E66B2688DB44007CFD78 /* UIApplication.extension.swift */,
				717041F626B703A600001360 /* TwitterClient+MockTweet.swift */,
				7199AE7926B96D0D001DEB46 /* NSRegularExpression+Convenience.swift */,
			);
			path = Extensions;
			sourceTree = "<group>";
		};
		7188E6402687B431007CFD78 /* Helpers */ = {
			isa = PBXGroup;
			children = (
				71D283F027A469EF00640B2A /* AttributeScopes+TwitterEntities.swift */,
				7188E64C2687C6A1007CFD78 /* Binding.extension.swift */,
				7199AE7F26B9892E001DEB46 /* Debouncer.swift */,
				71A10889268B073B007E1FFB /* Haptics.swift */,
				71800BFE26999BA6009D11A1 /* PersistanceController.swift */,
				71E36FFA2689EED40078D956 /* ShakeModifier.swift */,
				715AAE0B26C9589A002BCEA1 /* TestUtils.swift */,
				7188E6642688A436007CFD78 /* ThemeHelper.swift */,
				71B8290B268D0AC6002AEE72 /* TwitterClientManager.swift */,
			);
			path = Helpers;
			sourceTree = "<group>";
		};
		7188E6452687B6AF007CFD78 /* Helper Views */ = {
			isa = PBXGroup;
			children = (
				71800BF126906721009D11A1 /* ActionBarView.swift */,
				71A9157827A59C9000706024 /* AsyncLocalMediaPreview.swift */,
				7188E6522687D16C007CFD78 /* AttachmentThumbnail.swift */,
				7188E6482687C0E0007CFD78 /* BroadcastButtonStyle.swift */,
				71BBAAE8268CF1BD004048A0 /* ComposerView.swift */,
				71800BF326906BC0009D11A1 /* DraftsListView.swift */,
				71800BEF26905DB3009D11A1 /* EngagementCountersView.swift */,
				71B8290F268F2195002AEE72 /* LastTweetReplyView.swift */,
				7199AE7D26B973B2001DEB46 /* MentionBar.swift */,
				7101073526C810AC00A713A5 /* NullStateView.swift */,
				7188E64E2687CCD0007CFD78 /* PhotoPicker.swift */,
				717041F226B6FFEA00001360 /* RepliesListView.swift */,
				717041F426B7037300001360 /* TweetView.swift */,
				7199AE7B26B97327001DEB46 /* UserView.swift */,
				713E16E927A6EAA900314B44 /* UserAvatar.swift */,
			);
			path = "Helper Views";
			sourceTree = "<group>";
		};
/* End PBXGroup section */

/* Begin PBXNativeTarget section */
		711EF99026C959A700FD8A9F /* BroadcastUITests */ = {
			isa = PBXNativeTarget;
			buildConfigurationList = 711EF99A26C959A700FD8A9F /* Build configuration list for PBXNativeTarget "BroadcastUITests" */;
			buildPhases = (
				711EF98D26C959A700FD8A9F /* Sources */,
				711EF98E26C959A700FD8A9F /* Frameworks */,
				711EF98F26C959A700FD8A9F /* Resources */,
			);
			buildRules = (
			);
			dependencies = (
				711EF99726C959A700FD8A9F /* PBXTargetDependency */,
			);
			name = BroadcastUITests;
			productName = BroadcastUITests;
			productReference = 711EF99126C959A700FD8A9F /* BroadcastUITests.xctest */;
			productType = "com.apple.product-type.bundle.ui-testing";
		};
		7188E6242687B0FE007CFD78 /* Broadcast */ = {
			isa = PBXNativeTarget;
			buildConfigurationList = 7188E6342687B0FF007CFD78 /* Build configuration list for PBXNativeTarget "Broadcast" */;
			buildPhases = (
				7188E6212687B0FE007CFD78 /* Sources */,
				7188E6222687B0FE007CFD78 /* Frameworks */,
				7188E6232687B0FE007CFD78 /* Resources */,
				71B82911268F2A34002AEE72 /* ShellScript */,
			);
			buildRules = (
			);
			dependencies = (
			);
			name = Broadcast;
			packageProductDependencies = (
				7188E65C26887DCD007CFD78 /* SwiftKeychainWrapper */,
				7188E6692688D7BA007CFD78 /* Introspect */,
				719087CC26891586005B96CE /* TwitterText */,
				714782D4278D97AB00942618 /* Twift */,
			);
			productName = Broadcast;
			productReference = 7188E6252687B0FE007CFD78 /* Broadcast.app */;
			productType = "com.apple.product-type.application";
		};
/* End PBXNativeTarget section */

/* Begin PBXProject section */
		7188E61D2687B0FE007CFD78 /* Project object */ = {
			isa = PBXProject;
			attributes = {
				LastSwiftUpdateCheck = 1250;
				LastUpgradeCheck = 1250;
				TargetAttributes = {
					711EF99026C959A700FD8A9F = {
						CreatedOnToolsVersion = 12.5.1;
						TestTargetID = 7188E6242687B0FE007CFD78;
					};
					7188E6242687B0FE007CFD78 = {
						CreatedOnToolsVersion = 12.5.1;
					};
				};
			};
			buildConfigurationList = 7188E6202687B0FE007CFD78 /* Build configuration list for PBXProject "Broadcast" */;
			compatibilityVersion = "Xcode 9.3";
			developmentRegion = en;
			hasScannedForEncodings = 0;
			knownRegions = (
				en,
				Base,
			);
			mainGroup = 7188E61C2687B0FE007CFD78;
			packageReferences = (
				7188E65B26887DCD007CFD78 /* XCRemoteSwiftPackageReference "SwiftKeychainWrapper" */,
				7188E6682688D7BA007CFD78 /* XCRemoteSwiftPackageReference "SwiftUI-Introspect" */,
				719087CB26891586005B96CE /* XCRemoteSwiftPackageReference "twitter-text" */,
				714782D3278D97AB00942618 /* XCRemoteSwiftPackageReference "Twift" */,
			);
			productRefGroup = 7188E6262687B0FE007CFD78 /* Products */;
			projectDirPath = "";
			projectRoot = "";
			targets = (
				7188E6242687B0FE007CFD78 /* Broadcast */,
				711EF99026C959A700FD8A9F /* BroadcastUITests */,
			);
		};
/* End PBXProject section */

/* Begin PBXResourcesBuildPhase section */
		711EF98F26C959A700FD8A9F /* Resources */ = {
			isa = PBXResourcesBuildPhase;
			buildActionMask = 2147483647;
			files = (
			);
			runOnlyForDeploymentPostprocessing = 0;
		};
		7188E6232687B0FE007CFD78 /* Resources */ = {
			isa = PBXResourcesBuildPhase;
			buildActionMask = 2147483647;
			files = (
				7188E6302687B0FF007CFD78 /* Preview Assets.xcassets in Resources */,
				71BBAAEB268CF532004048A0 /* TwitterAPI-Info.plist in Resources */,
				7188E62D2687B0FF007CFD78 /* Assets.xcassets in Resources */,
				71A6A264278C73AD00BF2387 /* TwitterAPI-Info.example.plist in Resources */,
			);
			runOnlyForDeploymentPostprocessing = 0;
		};
/* End PBXResourcesBuildPhase section */

/* Begin PBXShellScriptBuildPhase section */
		71B82911268F2A34002AEE72 /* ShellScript */ = {
			isa = PBXShellScriptBuildPhase;
			buildActionMask = 2147483647;
			files = (
			);
			inputFileListPaths = (
			);
			inputPaths = (
			);
			outputFileListPaths = (
			);
			outputPaths = (
			);
			runOnlyForDeploymentPostprocessing = 0;
			shellPath = /bin/sh;
			shellScript = "CONFIG_FILE_BASE_NAME=\"TwitterAPI-Info\"\nCONFIG_FILE_NAME=${CONFIG_FILE_BASE_NAME}.plist\nSAMPLE_CONFIG_FILE_NAME=${CONFIG_FILE_BASE_NAME}-Sample.plist\nCONFIG_FILE_PATH=$SRCROOT/$PRODUCT_NAME/$CONFIG_FILE_NAME\nSAMPLE_CONFIG_FILE_PATH=$SRCROOT/$PRODUCT_NAME/$SAMPLE_CONFIG_FILE_NAME\nif [ -f \"$CONFIG_FILE_PATH\" ]; then\n  echo \"$CONFIG_FILE_PATH exists.\"\nelse\n  echo \"$CONFIG_FILE_PATH does not exist, copying sample\"\n  cp -v \"${SAMPLE_CONFIG_FILE_PATH}\" \"${CONFIG_FILE_PATH}\"\nfi\n";
		};
/* End PBXShellScriptBuildPhase section */

/* Begin PBXSourcesBuildPhase section */
		711EF98D26C959A700FD8A9F /* Sources */ = {
			isa = PBXSourcesBuildPhase;
			buildActionMask = 2147483647;
			files = (
				711EF99426C959A700FD8A9F /* BroadcastUITests.swift in Sources */,
			);
			runOnlyForDeploymentPostprocessing = 0;
		};
		7188E6212687B0FE007CFD78 /* Sources */ = {
			isa = PBXSourcesBuildPhase;
			buildActionMask = 2147483647;
			files = (
				7188E6612688A01F007CFD78 /* Font.extension.swift in Sources */,
				7188E62B2687B0FE007CFD78 /* ContentView.swift in Sources */,
				717041F526B7037300001360 /* TweetView.swift in Sources */,
				717041F326B6FFEA00001360 /* RepliesListView.swift in Sources */,
				7188E6292687B0FE007CFD78 /* BroadcastApp.swift in Sources */,
				71B8290C268D0AC6002AEE72 /* TwitterClientManager.swift in Sources */,
				7188E6632688A0FC007CFD78 /* WelcomeView.swift in Sources */,
				7199AE7A26B96D0D001DEB46 /* NSRegularExpression+Convenience.swift in Sources */,
				717041F726B703A600001360 /* TwitterClient+MockTweet.swift in Sources */,
				7188E6492687C0E0007CFD78 /* BroadcastButtonStyle.swift in Sources */,
				71800BF026905DB3009D11A1 /* EngagementCountersView.swift in Sources */,
				7199AE7C26B97327001DEB46 /* UserView.swift in Sources */,
				7188E6652688A436007CFD78 /* ThemeHelper.swift in Sources */,
				7199AE7E26B973B2001DEB46 /* MentionBar.swift in Sources */,
				71800BF226906721009D11A1 /* ActionBarView.swift in Sources */,
				7188E64F2687CCD0007CFD78 /* PhotoPicker.swift in Sources */,
				7101073626C810AC00A713A5 /* NullStateView.swift in Sources */,
				7188E66C2688DB44007CFD78 /* UIApplication.extension.swift in Sources */,
				71800BFD26999B1B009D11A1 /* DraftsModel.xcdatamodeld in Sources */,
				7188E6532687D16C007CFD78 /* AttachmentThumbnail.swift in Sources */,
				7188E64B2687C44D007CFD78 /* String.extension.swift in Sources */,
				71800BFF26999BA6009D11A1 /* PersistanceController.swift in Sources */,
				71B82910268F2195002AEE72 /* LastTweetReplyView.swift in Sources */,
				71800BF426906BC0009D11A1 /* DraftsListView.swift in Sources */,
				71A9157927A59C9000706024 /* AsyncLocalMediaPreview.swift in Sources */,
				71E36FFB2689EED40078D956 /* ShakeModifier.swift in Sources */,
				71D283F127A469EF00640B2A /* AttributeScopes+TwitterEntities.swift in Sources */,
				719087CF26891C7F005B96CE /* Array.extension.swift in Sources */,
				7188E64D2687C6A1007CFD78 /* Binding.extension.swift in Sources */,
				7199AE8026B9892E001DEB46 /* Debouncer.swift in Sources */,
				711F3FFA268F50C800605C89 /* Animation.extension.swift in Sources */,
				71A1088A268B073B007E1FFB /* Haptics.swift in Sources */,
				71BBAAE9268CF1BD004048A0 /* ComposerView.swift in Sources */,
				713E16EA27A6EAA900314B44 /* UserAvatar.swift in Sources */,
				715AAE0C26C9589A002BCEA1 /* TestUtils.swift in Sources */,
			);
			runOnlyForDeploymentPostprocessing = 0;
		};
/* End PBXSourcesBuildPhase section */

/* Begin PBXTargetDependency section */
		711EF99726C959A700FD8A9F /* PBXTargetDependency */ = {
			isa = PBXTargetDependency;
			target = 7188E6242687B0FE007CFD78 /* Broadcast */;
			targetProxy = 711EF99626C959A700FD8A9F /* PBXContainerItemProxy */;
		};
/* End PBXTargetDependency section */

/* Begin XCBuildConfiguration section */
		711EF99826C959A700FD8A9F /* Debug */ = {
			isa = XCBuildConfiguration;
			buildSettings = {
				CODE_SIGN_STYLE = Automatic;
				DEVELOPMENT_TEAM = YC249PY26F;
				INFOPLIST_FILE = BroadcastUITests/Info.plist;
				LD_RUNPATH_SEARCH_PATHS = (
					"$(inherited)",
					"@executable_path/Frameworks",
					"@loader_path/Frameworks",
				);
				PRODUCT_BUNDLE_IDENTIFIER = me.daneden.BroadcastUITests;
				PRODUCT_NAME = "$(TARGET_NAME)";
				SWIFT_VERSION = 5.0;
				TARGETED_DEVICE_FAMILY = "1,2";
				TEST_TARGET_NAME = Broadcast;
			};
			name = Debug;
		};
		711EF99926C959A700FD8A9F /* Release */ = {
			isa = XCBuildConfiguration;
			buildSettings = {
				CODE_SIGN_STYLE = Automatic;
				DEVELOPMENT_TEAM = YC249PY26F;
				INFOPLIST_FILE = BroadcastUITests/Info.plist;
				LD_RUNPATH_SEARCH_PATHS = (
					"$(inherited)",
					"@executable_path/Frameworks",
					"@loader_path/Frameworks",
				);
				PRODUCT_BUNDLE_IDENTIFIER = me.daneden.BroadcastUITests;
				PRODUCT_NAME = "$(TARGET_NAME)";
				SWIFT_VERSION = 5.0;
				TARGETED_DEVICE_FAMILY = "1,2";
				TEST_TARGET_NAME = Broadcast;
			};
			name = Release;
		};
		7188E6322687B0FF007CFD78 /* Debug */ = {
			isa = XCBuildConfiguration;
			buildSettings = {
				ALWAYS_SEARCH_USER_PATHS = NO;
				CLANG_ANALYZER_NONNULL = YES;
				CLANG_ANALYZER_NUMBER_OBJECT_CONVERSION = YES_AGGRESSIVE;
				CLANG_CXX_LANGUAGE_STANDARD = "gnu++14";
				CLANG_CXX_LIBRARY = "libc++";
				CLANG_ENABLE_MODULES = YES;
				CLANG_ENABLE_OBJC_ARC = YES;
				CLANG_ENABLE_OBJC_WEAK = YES;
				CLANG_WARN_BLOCK_CAPTURE_AUTORELEASING = YES;
				CLANG_WARN_BOOL_CONVERSION = YES;
				CLANG_WARN_COMMA = YES;
				CLANG_WARN_CONSTANT_CONVERSION = YES;
				CLANG_WARN_DEPRECATED_OBJC_IMPLEMENTATIONS = YES;
				CLANG_WARN_DIRECT_OBJC_ISA_USAGE = YES_ERROR;
				CLANG_WARN_DOCUMENTATION_COMMENTS = YES;
				CLANG_WARN_EMPTY_BODY = YES;
				CLANG_WARN_ENUM_CONVERSION = YES;
				CLANG_WARN_INFINITE_RECURSION = YES;
				CLANG_WARN_INT_CONVERSION = YES;
				CLANG_WARN_NON_LITERAL_NULL_CONVERSION = YES;
				CLANG_WARN_OBJC_IMPLICIT_RETAIN_SELF = YES;
				CLANG_WARN_OBJC_LITERAL_CONVERSION = YES;
				CLANG_WARN_OBJC_ROOT_CLASS = YES_ERROR;
				CLANG_WARN_QUOTED_INCLUDE_IN_FRAMEWORK_HEADER = YES;
				CLANG_WARN_RANGE_LOOP_ANALYSIS = YES;
				CLANG_WARN_STRICT_PROTOTYPES = YES;
				CLANG_WARN_SUSPICIOUS_MOVE = YES;
				CLANG_WARN_UNGUARDED_AVAILABILITY = YES_AGGRESSIVE;
				CLANG_WARN_UNREACHABLE_CODE = YES;
				CLANG_WARN__DUPLICATE_METHOD_MATCH = YES;
				COPY_PHASE_STRIP = NO;
				DEBUG_INFORMATION_FORMAT = dwarf;
				ENABLE_STRICT_OBJC_MSGSEND = YES;
				ENABLE_TESTABILITY = YES;
				GCC_C_LANGUAGE_STANDARD = gnu11;
				GCC_DYNAMIC_NO_PIC = NO;
				GCC_NO_COMMON_BLOCKS = YES;
				GCC_OPTIMIZATION_LEVEL = 0;
				GCC_PREPROCESSOR_DEFINITIONS = (
					"DEBUG=1",
					"$(inherited)",
				);
				GCC_WARN_64_TO_32_BIT_CONVERSION = YES;
				GCC_WARN_ABOUT_RETURN_TYPE = YES_ERROR;
				GCC_WARN_UNDECLARED_SELECTOR = YES;
				GCC_WARN_UNINITIALIZED_AUTOS = YES_AGGRESSIVE;
				GCC_WARN_UNUSED_FUNCTION = YES;
				GCC_WARN_UNUSED_VARIABLE = YES;
				IPHONEOS_DEPLOYMENT_TARGET = 15.0;
				MTL_ENABLE_DEBUG_INFO = INCLUDE_SOURCE;
				MTL_FAST_MATH = YES;
				ONLY_ACTIVE_ARCH = YES;
				SDKROOT = iphoneos;
				SWIFT_ACTIVE_COMPILATION_CONDITIONS = DEBUG;
				SWIFT_OPTIMIZATION_LEVEL = "-Onone";
			};
			name = Debug;
		};
		7188E6332687B0FF007CFD78 /* Release */ = {
			isa = XCBuildConfiguration;
			buildSettings = {
				ALWAYS_SEARCH_USER_PATHS = NO;
				CLANG_ANALYZER_NONNULL = YES;
				CLANG_ANALYZER_NUMBER_OBJECT_CONVERSION = YES_AGGRESSIVE;
				CLANG_CXX_LANGUAGE_STANDARD = "gnu++14";
				CLANG_CXX_LIBRARY = "libc++";
				CLANG_ENABLE_MODULES = YES;
				CLANG_ENABLE_OBJC_ARC = YES;
				CLANG_ENABLE_OBJC_WEAK = YES;
				CLANG_WARN_BLOCK_CAPTURE_AUTORELEASING = YES;
				CLANG_WARN_BOOL_CONVERSION = YES;
				CLANG_WARN_COMMA = YES;
				CLANG_WARN_CONSTANT_CONVERSION = YES;
				CLANG_WARN_DEPRECATED_OBJC_IMPLEMENTATIONS = YES;
				CLANG_WARN_DIRECT_OBJC_ISA_USAGE = YES_ERROR;
				CLANG_WARN_DOCUMENTATION_COMMENTS = YES;
				CLANG_WARN_EMPTY_BODY = YES;
				CLANG_WARN_ENUM_CONVERSION = YES;
				CLANG_WARN_INFINITE_RECURSION = YES;
				CLANG_WARN_INT_CONVERSION = YES;
				CLANG_WARN_NON_LITERAL_NULL_CONVERSION = YES;
				CLANG_WARN_OBJC_IMPLICIT_RETAIN_SELF = YES;
				CLANG_WARN_OBJC_LITERAL_CONVERSION = YES;
				CLANG_WARN_OBJC_ROOT_CLASS = YES_ERROR;
				CLANG_WARN_QUOTED_INCLUDE_IN_FRAMEWORK_HEADER = YES;
				CLANG_WARN_RANGE_LOOP_ANALYSIS = YES;
				CLANG_WARN_STRICT_PROTOTYPES = YES;
				CLANG_WARN_SUSPICIOUS_MOVE = YES;
				CLANG_WARN_UNGUARDED_AVAILABILITY = YES_AGGRESSIVE;
				CLANG_WARN_UNREACHABLE_CODE = YES;
				CLANG_WARN__DUPLICATE_METHOD_MATCH = YES;
				COPY_PHASE_STRIP = NO;
				DEBUG_INFORMATION_FORMAT = "dwarf-with-dsym";
				ENABLE_NS_ASSERTIONS = NO;
				ENABLE_STRICT_OBJC_MSGSEND = YES;
				GCC_C_LANGUAGE_STANDARD = gnu11;
				GCC_NO_COMMON_BLOCKS = YES;
				GCC_WARN_64_TO_32_BIT_CONVERSION = YES;
				GCC_WARN_ABOUT_RETURN_TYPE = YES_ERROR;
				GCC_WARN_UNDECLARED_SELECTOR = YES;
				GCC_WARN_UNINITIALIZED_AUTOS = YES_AGGRESSIVE;
				GCC_WARN_UNUSED_FUNCTION = YES;
				GCC_WARN_UNUSED_VARIABLE = YES;
				IPHONEOS_DEPLOYMENT_TARGET = 15.0;
				MTL_ENABLE_DEBUG_INFO = NO;
				MTL_FAST_MATH = YES;
				SDKROOT = iphoneos;
				SWIFT_COMPILATION_MODE = wholemodule;
				SWIFT_OPTIMIZATION_LEVEL = "-O";
				VALIDATE_PRODUCT = YES;
			};
			name = Release;
		};
		7188E6352687B0FF007CFD78 /* Debug */ = {
			isa = XCBuildConfiguration;
			buildSettings = {
				ASSETCATALOG_COMPILER_APPICON_NAME = AppIcon;
				ASSETCATALOG_COMPILER_GLOBAL_ACCENT_COLOR_NAME = AccentColor;
				CODE_SIGN_STYLE = Automatic;
				CURRENT_PROJECT_VERSION = 1;
				DEVELOPMENT_ASSET_PATHS = "\"Broadcast/Preview Content\"";
				DEVELOPMENT_TEAM = YC249PY26F;
				ENABLE_PREVIEWS = YES;
				INFOPLIST_FILE = Broadcast/Info.plist;
				IPHONEOS_DEPLOYMENT_TARGET = 15.0;
				LD_RUNPATH_SEARCH_PATHS = (
					"$(inherited)",
					"@executable_path/Frameworks",
				);
				MARKETING_VERSION = 2.0;
				PRODUCT_BUNDLE_IDENTIFIER = me.daneden.Broadcast;
				PRODUCT_NAME = "$(TARGET_NAME)";
				SWIFT_VERSION = 5.0;
				TARGETED_DEVICE_FAMILY = "1,2";
			};
			name = Debug;
		};
		7188E6362687B0FF007CFD78 /* Release */ = {
			isa = XCBuildConfiguration;
			buildSettings = {
				ASSETCATALOG_COMPILER_APPICON_NAME = AppIcon;
				ASSETCATALOG_COMPILER_GLOBAL_ACCENT_COLOR_NAME = AccentColor;
				CODE_SIGN_STYLE = Automatic;
				CURRENT_PROJECT_VERSION = 1;
				DEVELOPMENT_ASSET_PATHS = "\"Broadcast/Preview Content\"";
				DEVELOPMENT_TEAM = YC249PY26F;
				ENABLE_PREVIEWS = YES;
				INFOPLIST_FILE = Broadcast/Info.plist;
				IPHONEOS_DEPLOYMENT_TARGET = 15.0;
				LD_RUNPATH_SEARCH_PATHS = (
					"$(inherited)",
					"@executable_path/Frameworks",
				);
				MARKETING_VERSION = 2.0;
				PRODUCT_BUNDLE_IDENTIFIER = me.daneden.Broadcast;
				PRODUCT_NAME = "$(TARGET_NAME)";
				SWIFT_VERSION = 5.0;
				TARGETED_DEVICE_FAMILY = "1,2";
			};
			name = Release;
		};
/* End XCBuildConfiguration section */

/* Begin XCConfigurationList section */
		711EF99A26C959A700FD8A9F /* Build configuration list for PBXNativeTarget "BroadcastUITests" */ = {
			isa = XCConfigurationList;
			buildConfigurations = (
				711EF99826C959A700FD8A9F /* Debug */,
				711EF99926C959A700FD8A9F /* Release */,
			);
			defaultConfigurationIsVisible = 0;
			defaultConfigurationName = Release;
		};
		7188E6202687B0FE007CFD78 /* Build configuration list for PBXProject "Broadcast" */ = {
			isa = XCConfigurationList;
			buildConfigurations = (
				7188E6322687B0FF007CFD78 /* Debug */,
				7188E6332687B0FF007CFD78 /* Release */,
			);
			defaultConfigurationIsVisible = 0;
			defaultConfigurationName = Release;
		};
		7188E6342687B0FF007CFD78 /* Build configuration list for PBXNativeTarget "Broadcast" */ = {
			isa = XCConfigurationList;
			buildConfigurations = (
				7188E6352687B0FF007CFD78 /* Debug */,
				7188E6362687B0FF007CFD78 /* Release */,
			);
			defaultConfigurationIsVisible = 0;
			defaultConfigurationName = Release;
		};
/* End XCConfigurationList section */

/* Begin XCRemoteSwiftPackageReference section */
		714782D3278D97AB00942618 /* XCRemoteSwiftPackageReference "Twift" */ = {
			isa = XCRemoteSwiftPackageReference;
			repositoryURL = "https://github.com/daneden/Twift.git";
			requirement = {
				branch = main;
				kind = branch;
			};
		};
		7188E65B26887DCD007CFD78 /* XCRemoteSwiftPackageReference "SwiftKeychainWrapper" */ = {
			isa = XCRemoteSwiftPackageReference;
			repositoryURL = "https://github.com/jrendel/SwiftKeychainWrapper";
			requirement = {
				kind = upToNextMajorVersion;
				minimumVersion = 4.0.1;
			};
		};
		7188E6682688D7BA007CFD78 /* XCRemoteSwiftPackageReference "SwiftUI-Introspect" */ = {
			isa = XCRemoteSwiftPackageReference;
			repositoryURL = "https://github.com/siteline/SwiftUI-Introspect";
			requirement = {
				kind = upToNextMajorVersion;
				minimumVersion = 0.1.3;
			};
		};
		719087CB26891586005B96CE /* XCRemoteSwiftPackageReference "twitter-text" */ = {
			isa = XCRemoteSwiftPackageReference;
			repositoryURL = "https://github.com/nysander/twitter-text.git";
			requirement = {
				kind = upToNextMajorVersion;
				minimumVersion = 0.0.1;
			};
		};
/* End XCRemoteSwiftPackageReference section */

/* Begin XCSwiftPackageProductDependency section */
		714782D4278D97AB00942618 /* Twift */ = {
			isa = XCSwiftPackageProductDependency;
			package = 714782D3278D97AB00942618 /* XCRemoteSwiftPackageReference "Twift" */;
			productName = Twift;
		};
		7188E65C26887DCD007CFD78 /* SwiftKeychainWrapper */ = {
			isa = XCSwiftPackageProductDependency;
			package = 7188E65B26887DCD007CFD78 /* XCRemoteSwiftPackageReference "SwiftKeychainWrapper" */;
			productName = SwiftKeychainWrapper;
		};
		7188E6692688D7BA007CFD78 /* Introspect */ = {
			isa = XCSwiftPackageProductDependency;
			package = 7188E6682688D7BA007CFD78 /* XCRemoteSwiftPackageReference "SwiftUI-Introspect" */;
			productName = Introspect;
		};
		719087CC26891586005B96CE /* TwitterText */ = {
			isa = XCSwiftPackageProductDependency;
			package = 719087CB26891586005B96CE /* XCRemoteSwiftPackageReference "twitter-text" */;
			productName = TwitterText;
		};
/* End XCSwiftPackageProductDependency section */

/* Begin XCVersionGroup section */
		71800BFB26999B1B009D11A1 /* DraftsModel.xcdatamodeld */ = {
			isa = XCVersionGroup;
			children = (
				71800BFC26999B1B009D11A1 /* DraftsModel.xcdatamodel */,
			);
			currentVersion = 71800BFC26999B1B009D11A1 /* DraftsModel.xcdatamodel */;
			path = DraftsModel.xcdatamodeld;
			sourceTree = "<group>";
			versionGroupType = wrapper.xcdatamodel;
		};
/* End XCVersionGroup section */
	};
	rootObject = 7188E61D2687B0FE007CFD78 /* Project object */;
}
